// !$*UTF8*$!
{
	archiveVersion = 1;
	classes = {
	};
	objectVersion = 51;
	objects = {

/* Begin PBXBuildFile section */
		310DCE71262E17730045806B /* GetPlaceDetails.swift in Sources */ = {isa = PBXBuildFile; fileRef = 310DCE70262E17730045806B /* GetPlaceDetails.swift */; };
		3113DEAE2619EDCF00C0CD4D /* GetCitiesModel.swift in Sources */ = {isa = PBXBuildFile; fileRef = 3113DEAD2619EDCF00C0CD4D /* GetCitiesModel.swift */; };
		3113DEB0261DD2B800C0CD4D /* HelperFunctions.swift in Sources */ = {isa = PBXBuildFile; fileRef = 3113DEAF261DD2B800C0CD4D /* HelperFunctions.swift */; };
		3113DEB22621C01700C0CD4D /* GetPlaceModel.swift in Sources */ = {isa = PBXBuildFile; fileRef = 3113DEB12621C01700C0CD4D /* GetPlaceModel.swift */; };
		3113DEB826273CB800C0CD4D /* ReviewVC.swift in Sources */ = {isa = PBXBuildFile; fileRef = 3113DEB726273CB800C0CD4D /* ReviewVC.swift */; };
		312D51AA25D357580086D672 /* Main.storyboard in Resources */ = {isa = PBXBuildFile; fileRef = 312D51A825D357580086D672 /* Main.storyboard */; };
		312D51AB25D357580086D672 /* LaunchScreen.storyboard in Resources */ = {isa = PBXBuildFile; fileRef = 312D51A925D357580086D672 /* LaunchScreen.storyboard */; };
		312D51AD25D48E0D0086D672 /* MainTabBarController.swift in Sources */ = {isa = PBXBuildFile; fileRef = 312D51AC25D48E0D0086D672 /* MainTabBarController.swift */; };
		312FB33D269BC878000486ED /* UserPlan.swift in Sources */ = {isa = PBXBuildFile; fileRef = 312FB33C269BC878000486ED /* UserPlan.swift */; };
		312FB33F269BC9D6000486ED /* UserPlanVC.swift in Sources */ = {isa = PBXBuildFile; fileRef = 312FB33E269BC9D6000486ED /* UserPlanVC.swift */; };
		312FB341269BCB56000486ED /* RoomPlanCVCell.swift in Sources */ = {isa = PBXBuildFile; fileRef = 312FB340269BCB56000486ED /* RoomPlanCVCell.swift */; };
		314B7A4125CAB6F5008B909F /* SignUpVC.swift in Sources */ = {isa = PBXBuildFile; fileRef = 314B7A4025CAB6F4008B909F /* SignUpVC.swift */; };
		315029D6265E9F66004B3C7E /* ProfileVC.swift in Sources */ = {isa = PBXBuildFile; fileRef = 315029D5265E9F66004B3C7E /* ProfileVC.swift */; };
		315029D82661668E004B3C7E /* GetFavorites.swift in Sources */ = {isa = PBXBuildFile; fileRef = 315029D72661668E004B3C7E /* GetFavorites.swift */; };
		3172FDEF260DFE4100A99314 /* ActivityVC.swift in Sources */ = {isa = PBXBuildFile; fileRef = 3172FDEE260DFE4100A99314 /* ActivityVC.swift */; };
		3172FDF1260E132200A99314 /* RoomVC.swift in Sources */ = {isa = PBXBuildFile; fileRef = 3172FDF0260E132200A99314 /* RoomVC.swift */; };
		3172FDF3260E16AB00A99314 /* MainRoomCVCell.swift in Sources */ = {isa = PBXBuildFile; fileRef = 3172FDF2260E16AB00A99314 /* MainRoomCVCell.swift */; };
		31740A1125C538DE0082B329 /* AppDelegate.swift in Sources */ = {isa = PBXBuildFile; fileRef = 31740A1025C538DE0082B329 /* AppDelegate.swift */; };
		31740A1325C538DE0082B329 /* SceneDelegate.swift in Sources */ = {isa = PBXBuildFile; fileRef = 31740A1225C538DE0082B329 /* SceneDelegate.swift */; };
		31740A1525C538DE0082B329 /* LogInVC.swift in Sources */ = {isa = PBXBuildFile; fileRef = 31740A1425C538DE0082B329 /* LogInVC.swift */; };
		31740A1A25C538E40082B329 /* Assets.xcassets in Resources */ = {isa = PBXBuildFile; fileRef = 31740A1925C538E40082B329 /* Assets.xcassets */; };
		3189CBF62687A69300304B7A /* FeaturesCVCell.swift in Sources */ = {isa = PBXBuildFile; fileRef = 3189CBF52687A69300304B7A /* FeaturesCVCell.swift */; };
		3189CBF82688B55000304B7A /* DroppablePin.swift in Sources */ = {isa = PBXBuildFile; fileRef = 3189CBF72688B55000304B7A /* DroppablePin.swift */; };
		318D8D7425D8865600015F7E /* AddNewProgramVC.swift in Sources */ = {isa = PBXBuildFile; fileRef = 318D8D7325D8865600015F7E /* AddNewProgramVC.swift */; };
		318D8D7625D99BC500015F7E /* Notifications.storyboard in Resources */ = {isa = PBXBuildFile; fileRef = 318D8D7525D99BC500015F7E /* Notifications.storyboard */; };
		318D8D7825D99EFF00015F7E /* NotificationsVC.swift in Sources */ = {isa = PBXBuildFile; fileRef = 318D8D7725D99EFF00015F7E /* NotificationsVC.swift */; };
		318D8D7A25D99F2500015F7E /* NotificationsTVCell.swift in Sources */ = {isa = PBXBuildFile; fileRef = 318D8D7925D99F2500015F7E /* NotificationsTVCell.swift */; };
		318D8DA325DB256A00015F7E /* ChooseProFavCVCell.swift in Sources */ = {isa = PBXBuildFile; fileRef = 318D8DA225DB256A00015F7E /* ChooseProFavCVCell.swift */; };
		319111FC2699726F00C9871C /* TourCVCell.swift in Sources */ = {isa = PBXBuildFile; fileRef = 319111FB2699726F00C9871C /* TourCVCell.swift */; };
		3197B35F26974FF700DD317D /* getPlansModel.swift in Sources */ = {isa = PBXBuildFile; fileRef = 3197B35E26974FF700DD317D /* getPlansModel.swift */; };
		31A5C1CE266D6CAB00CD8F4A /* GetNotification.swift in Sources */ = {isa = PBXBuildFile; fileRef = 31A5C1CD266D6CAB00CD8F4A /* GetNotification.swift */; };
		31C67F46269B667C00822C7E /* ConfirmDeclinePlanVC.swift in Sources */ = {isa = PBXBuildFile; fileRef = 31C67F45269B667C00822C7E /* ConfirmDeclinePlanVC.swift */; };
		31C6F06C260F4BBF0096468B /* ProgramVC.swift in Sources */ = {isa = PBXBuildFile; fileRef = 31C6F06B260F4BBF0096468B /* ProgramVC.swift */; };
		31C6F06E260F4D5A0096468B /* City_ProgramCVCell.swift in Sources */ = {isa = PBXBuildFile; fileRef = 31C6F06D260F4D5A0096468B /* City_ProgramCVCell.swift */; };
		31C8505625D1427700449D86 /* RecomendedCVCell.swift in Sources */ = {isa = PBXBuildFile; fileRef = 31C8505525D1427700449D86 /* RecomendedCVCell.swift */; };
		31C8505825D2DFC800449D86 /* CityAdvenCVCell.swift in Sources */ = {isa = PBXBuildFile; fileRef = 31C8505725D2DFC800449D86 /* CityAdvenCVCell.swift */; };
		31C8505A25D2E36E00449D86 /* Constants.swift in Sources */ = {isa = PBXBuildFile; fileRef = 31C8505925D2E36E00449D86 /* Constants.swift */; };
		31C8505C25D3172C00449D86 /* CityVC.swift in Sources */ = {isa = PBXBuildFile; fileRef = 31C8505B25D3172C00449D86 /* CityVC.swift */; };
		31C8505E25D31A2100449D86 /* CityPlacesCVCell.swift in Sources */ = {isa = PBXBuildFile; fileRef = 31C8505D25D31A2100449D86 /* CityPlacesCVCell.swift */; };
		31D83ED325D4959500C170FB /* PlaceDetailsVC.swift in Sources */ = {isa = PBXBuildFile; fileRef = 31D83ED225D4959500C170FB /* PlaceDetailsVC.swift */; };
		31D8B0BB263AE00100A476FE /* GetHotelDetails.swift in Sources */ = {isa = PBXBuildFile; fileRef = 31D8B0BA263AE00100A476FE /* GetHotelDetails.swift */; };
		31D8B0BD263C1EFD00A476FE /* GetHotelsModel.swift in Sources */ = {isa = PBXBuildFile; fileRef = 31D8B0BC263C1EFD00A476FE /* GetHotelsModel.swift */; };
		31D8B0BF26469DF100A476FE /* GetRoom.swift in Sources */ = {isa = PBXBuildFile; fileRef = 31D8B0BE26469DF100A476FE /* GetRoom.swift */; };
		31D8B0C12646A56B00A476FE /* GetActivity.swift in Sources */ = {isa = PBXBuildFile; fileRef = 31D8B0C02646A56B00A476FE /* GetActivity.swift */; };
		31D8B11526580C0100A476FE /* APIHandler.swift in Sources */ = {isa = PBXBuildFile; fileRef = 31D8B11426580C0100A476FE /* APIHandler.swift */; };
		31D8B11726580C3800A476FE /* CustomInterceptor.swift in Sources */ = {isa = PBXBuildFile; fileRef = 31D8B11626580C3800A476FE /* CustomInterceptor.swift */; };
		31D8B11B265E3F7300A476FE /* Extenstions.swift in Sources */ = {isa = PBXBuildFile; fileRef = 31D8B11A265E3F7300A476FE /* Extenstions.swift */; };
		31E5261E26985006006E549C /* AllPlansVC.swift in Sources */ = {isa = PBXBuildFile; fileRef = 31E5261D26985006006E549C /* AllPlansVC.swift */; };
		31E52620269850FC006E549C /* AllPlansCVCell.swift in Sources */ = {isa = PBXBuildFile; fileRef = 31E5261F269850FC006E549C /* AllPlansCVCell.swift */; };
		31EB123D25D05C9500D37148 /* README.md in Resources */ = {isa = PBXBuildFile; fileRef = 31EB123C25D05C9500D37148 /* README.md */; };
		31EB123F25D133F300D37148 /* Home.storyboard in Resources */ = {isa = PBXBuildFile; fileRef = 31EB123E25D133F300D37148 /* Home.storyboard */; };
		31EB124125D1379B00D37148 /* HomeVC.swift in Sources */ = {isa = PBXBuildFile; fileRef = 31EB124025D1379B00D37148 /* HomeVC.swift */; };
		31EE839625D6E0D40010D3AD /* Planes.storyboard in Resources */ = {isa = PBXBuildFile; fileRef = 31EE839525D6E0D40010D3AD /* Planes.storyboard */; };
		31EE839825D6E9DB0010D3AD /* PlanesVC.swift in Sources */ = {isa = PBXBuildFile; fileRef = 31EE839725D6E9DB0010D3AD /* PlanesVC.swift */; };
		31EE839A25D6EACE0010D3AD /* PlansCVCell.swift in Sources */ = {isa = PBXBuildFile; fileRef = 31EE839925D6EACE0010D3AD /* PlansCVCell.swift */; };
		31EE839C25D6EDF40010D3AD /* AddNewPlane.storyboard in Resources */ = {isa = PBXBuildFile; fileRef = 31EE839B25D6EDF30010D3AD /* AddNewPlane.storyboard */; };
		31EFF276269CADAA00193BD9 /* PlanDetailsVC.swift in Sources */ = {isa = PBXBuildFile; fileRef = 31EFF275269CADAA00193BD9 /* PlanDetailsVC.swift */; };
		31EFF278269CE35900193BD9 /* PlanRoomVC.swift in Sources */ = {isa = PBXBuildFile; fileRef = 31EFF277269CE35900193BD9 /* PlanRoomVC.swift */; };
		31F56083269CA34400291DA7 /* UserPlanCVCell.swift in Sources */ = {isa = PBXBuildFile; fileRef = 31F56082269CA34400291DA7 /* UserPlanCVCell.swift */; };
		31F56085269CA36E00291DA7 /* UserHotelCVCell.swift in Sources */ = {isa = PBXBuildFile; fileRef = 31F56084269CA36E00291DA7 /* UserHotelCVCell.swift */; };
		31F56087269CA3AF00291DA7 /* UserPlanHotelVC.swift in Sources */ = {isa = PBXBuildFile; fileRef = 31F56086269CA3AF00291DA7 /* UserPlanHotelVC.swift */; };
		31F654A725E2C108009F9AC8 /* Profile.storyboard in Resources */ = {isa = PBXBuildFile; fileRef = 31F654A625E2C108009F9AC8 /* Profile.storyboard */; };
		31F654AB25E3009F009F9AC8 /* EditProfVC.swift in Sources */ = {isa = PBXBuildFile; fileRef = 31F654AA25E3009F009F9AC8 /* EditProfVC.swift */; };
		31F654AD25EA843A009F9AC8 /* CommentsTVCell.swift in Sources */ = {isa = PBXBuildFile; fileRef = 31F654AC25EA8439009F9AC8 /* CommentsTVCell.swift */; };
		31F654AF25ED7D71009F9AC8 /* HotelVC.swift in Sources */ = {isa = PBXBuildFile; fileRef = 31F654AE25ED7D71009F9AC8 /* HotelVC.swift */; };
		31F654B125ED82DB009F9AC8 /* RoomCVCell.swift in Sources */ = {isa = PBXBuildFile; fileRef = 31F654B025ED82DB009F9AC8 /* RoomCVCell.swift */; };
		8F8FDA0FB03904479CE41BB2 /* Pods_TourGuide.framework in Frameworks */ = {isa = PBXBuildFile; fileRef = F4A03A6E563126D58F033664 /* Pods_TourGuide.framework */; };
/* End PBXBuildFile section */

/* Begin PBXFileReference section */
		1E6D20DA0B7F240C2DC53C2A /* Pods-TourGuide.debug.xcconfig */ = {isa = PBXFileReference; includeInIndex = 1; lastKnownFileType = text.xcconfig; name = "Pods-TourGuide.debug.xcconfig"; path = "Target Support Files/Pods-TourGuide/Pods-TourGuide.debug.xcconfig"; sourceTree = "<group>"; };
		310DCE70262E17730045806B /* GetPlaceDetails.swift */ = {isa = PBXFileReference; lastKnownFileType = sourcecode.swift; path = GetPlaceDetails.swift; sourceTree = "<group>"; };
		3113DEAD2619EDCF00C0CD4D /* GetCitiesModel.swift */ = {isa = PBXFileReference; lastKnownFileType = sourcecode.swift; path = GetCitiesModel.swift; sourceTree = "<group>"; };
		3113DEAF261DD2B800C0CD4D /* HelperFunctions.swift */ = {isa = PBXFileReference; lastKnownFileType = sourcecode.swift; path = HelperFunctions.swift; sourceTree = "<group>"; };
		3113DEB12621C01700C0CD4D /* GetPlaceModel.swift */ = {isa = PBXFileReference; lastKnownFileType = sourcecode.swift; path = GetPlaceModel.swift; sourceTree = "<group>"; };
		3113DEB726273CB800C0CD4D /* ReviewVC.swift */ = {isa = PBXFileReference; lastKnownFileType = sourcecode.swift; path = ReviewVC.swift; sourceTree = "<group>"; };
		312D51A825D357580086D672 /* Main.storyboard */ = {isa = PBXFileReference; fileEncoding = 4; lastKnownFileType = file.storyboard; path = Main.storyboard; sourceTree = "<group>"; };
		312D51A925D357580086D672 /* LaunchScreen.storyboard */ = {isa = PBXFileReference; fileEncoding = 4; lastKnownFileType = file.storyboard; path = LaunchScreen.storyboard; sourceTree = "<group>"; };
		312D51AC25D48E0D0086D672 /* MainTabBarController.swift */ = {isa = PBXFileReference; lastKnownFileType = sourcecode.swift; path = MainTabBarController.swift; sourceTree = "<group>"; };
		312FB33C269BC878000486ED /* UserPlan.swift */ = {isa = PBXFileReference; lastKnownFileType = sourcecode.swift; path = UserPlan.swift; sourceTree = "<group>"; };
		312FB33E269BC9D6000486ED /* UserPlanVC.swift */ = {isa = PBXFileReference; lastKnownFileType = sourcecode.swift; path = UserPlanVC.swift; sourceTree = "<group>"; };
		312FB340269BCB56000486ED /* RoomPlanCVCell.swift */ = {isa = PBXFileReference; lastKnownFileType = sourcecode.swift; path = RoomPlanCVCell.swift; sourceTree = "<group>"; };
		314B7A4025CAB6F4008B909F /* SignUpVC.swift */ = {isa = PBXFileReference; lastKnownFileType = sourcecode.swift; path = SignUpVC.swift; sourceTree = "<group>"; };
		315029D5265E9F66004B3C7E /* ProfileVC.swift */ = {isa = PBXFileReference; lastKnownFileType = sourcecode.swift; path = ProfileVC.swift; sourceTree = "<group>"; };
		315029D72661668E004B3C7E /* GetFavorites.swift */ = {isa = PBXFileReference; lastKnownFileType = sourcecode.swift; path = GetFavorites.swift; sourceTree = "<group>"; };
		3172FDEE260DFE4100A99314 /* ActivityVC.swift */ = {isa = PBXFileReference; lastKnownFileType = sourcecode.swift; path = ActivityVC.swift; sourceTree = "<group>"; };
		3172FDF0260E132200A99314 /* RoomVC.swift */ = {isa = PBXFileReference; lastKnownFileType = sourcecode.swift; path = RoomVC.swift; sourceTree = "<group>"; };
		3172FDF2260E16AB00A99314 /* MainRoomCVCell.swift */ = {isa = PBXFileReference; lastKnownFileType = sourcecode.swift; path = MainRoomCVCell.swift; sourceTree = "<group>"; };
		31740A0D25C538DE0082B329 /* TourGuide.app */ = {isa = PBXFileReference; explicitFileType = wrapper.application; includeInIndex = 0; path = TourGuide.app; sourceTree = BUILT_PRODUCTS_DIR; };
		31740A1025C538DE0082B329 /* AppDelegate.swift */ = {isa = PBXFileReference; lastKnownFileType = sourcecode.swift; path = AppDelegate.swift; sourceTree = "<group>"; };
		31740A1225C538DE0082B329 /* SceneDelegate.swift */ = {isa = PBXFileReference; lastKnownFileType = sourcecode.swift; path = SceneDelegate.swift; sourceTree = "<group>"; };
		31740A1425C538DE0082B329 /* LogInVC.swift */ = {isa = PBXFileReference; lastKnownFileType = sourcecode.swift; path = LogInVC.swift; sourceTree = "<group>"; };
		31740A1925C538E40082B329 /* Assets.xcassets */ = {isa = PBXFileReference; lastKnownFileType = folder.assetcatalog; path = Assets.xcassets; sourceTree = "<group>"; };
		31740A1E25C538E40082B329 /* Info.plist */ = {isa = PBXFileReference; lastKnownFileType = text.plist.xml; path = Info.plist; sourceTree = "<group>"; };
		3189CBF52687A69300304B7A /* FeaturesCVCell.swift */ = {isa = PBXFileReference; lastKnownFileType = sourcecode.swift; path = FeaturesCVCell.swift; sourceTree = "<group>"; };
		3189CBF72688B55000304B7A /* DroppablePin.swift */ = {isa = PBXFileReference; fileEncoding = 4; lastKnownFileType = sourcecode.swift; path = DroppablePin.swift; sourceTree = "<group>"; };
		318D8D7325D8865600015F7E /* AddNewProgramVC.swift */ = {isa = PBXFileReference; lastKnownFileType = sourcecode.swift; path = AddNewProgramVC.swift; sourceTree = "<group>"; };
		318D8D7525D99BC500015F7E /* Notifications.storyboard */ = {isa = PBXFileReference; lastKnownFileType = file.storyboard; path = Notifications.storyboard; sourceTree = "<group>"; };
		318D8D7725D99EFF00015F7E /* NotificationsVC.swift */ = {isa = PBXFileReference; lastKnownFileType = sourcecode.swift; path = NotificationsVC.swift; sourceTree = "<group>"; };
		318D8D7925D99F2500015F7E /* NotificationsTVCell.swift */ = {isa = PBXFileReference; lastKnownFileType = sourcecode.swift; path = NotificationsTVCell.swift; sourceTree = "<group>"; };
		318D8DA225DB256A00015F7E /* ChooseProFavCVCell.swift */ = {isa = PBXFileReference; lastKnownFileType = sourcecode.swift; path = ChooseProFavCVCell.swift; sourceTree = "<group>"; };
		319111FB2699726F00C9871C /* TourCVCell.swift */ = {isa = PBXFileReference; lastKnownFileType = sourcecode.swift; path = TourCVCell.swift; sourceTree = "<group>"; };
		3197B35E26974FF700DD317D /* getPlansModel.swift */ = {isa = PBXFileReference; lastKnownFileType = sourcecode.swift; path = getPlansModel.swift; sourceTree = "<group>"; };
		31A5C1CD266D6CAB00CD8F4A /* GetNotification.swift */ = {isa = PBXFileReference; lastKnownFileType = sourcecode.swift; path = GetNotification.swift; sourceTree = "<group>"; };
		31C67F45269B667C00822C7E /* ConfirmDeclinePlanVC.swift */ = {isa = PBXFileReference; lastKnownFileType = sourcecode.swift; path = ConfirmDeclinePlanVC.swift; sourceTree = "<group>"; };
		31C6F06B260F4BBF0096468B /* ProgramVC.swift */ = {isa = PBXFileReference; lastKnownFileType = sourcecode.swift; path = ProgramVC.swift; sourceTree = "<group>"; };
		31C6F06D260F4D5A0096468B /* City_ProgramCVCell.swift */ = {isa = PBXFileReference; lastKnownFileType = sourcecode.swift; path = City_ProgramCVCell.swift; sourceTree = "<group>"; };
		31C8505525D1427700449D86 /* RecomendedCVCell.swift */ = {isa = PBXFileReference; lastKnownFileType = sourcecode.swift; path = RecomendedCVCell.swift; sourceTree = "<group>"; };
		31C8505725D2DFC800449D86 /* CityAdvenCVCell.swift */ = {isa = PBXFileReference; lastKnownFileType = sourcecode.swift; path = CityAdvenCVCell.swift; sourceTree = "<group>"; };
		31C8505925D2E36E00449D86 /* Constants.swift */ = {isa = PBXFileReference; lastKnownFileType = sourcecode.swift; path = Constants.swift; sourceTree = "<group>"; };
		31C8505B25D3172C00449D86 /* CityVC.swift */ = {isa = PBXFileReference; lastKnownFileType = sourcecode.swift; path = CityVC.swift; sourceTree = "<group>"; };
		31C8505D25D31A2100449D86 /* CityPlacesCVCell.swift */ = {isa = PBXFileReference; lastKnownFileType = sourcecode.swift; path = CityPlacesCVCell.swift; sourceTree = "<group>"; };
		31D83ED225D4959500C170FB /* PlaceDetailsVC.swift */ = {isa = PBXFileReference; lastKnownFileType = sourcecode.swift; path = PlaceDetailsVC.swift; sourceTree = "<group>"; };
		31D8B0BA263AE00100A476FE /* GetHotelDetails.swift */ = {isa = PBXFileReference; lastKnownFileType = sourcecode.swift; path = GetHotelDetails.swift; sourceTree = "<group>"; };
		31D8B0BC263C1EFD00A476FE /* GetHotelsModel.swift */ = {isa = PBXFileReference; lastKnownFileType = sourcecode.swift; path = GetHotelsModel.swift; sourceTree = "<group>"; };
		31D8B0BE26469DF100A476FE /* GetRoom.swift */ = {isa = PBXFileReference; lastKnownFileType = sourcecode.swift; path = GetRoom.swift; sourceTree = "<group>"; };
		31D8B0C02646A56B00A476FE /* GetActivity.swift */ = {isa = PBXFileReference; lastKnownFileType = sourcecode.swift; path = GetActivity.swift; sourceTree = "<group>"; };
		31D8B11426580C0100A476FE /* APIHandler.swift */ = {isa = PBXFileReference; fileEncoding = 4; lastKnownFileType = sourcecode.swift; path = APIHandler.swift; sourceTree = "<group>"; };
		31D8B11626580C3800A476FE /* CustomInterceptor.swift */ = {isa = PBXFileReference; lastKnownFileType = sourcecode.swift; path = CustomInterceptor.swift; sourceTree = "<group>"; };
		31D8B11A265E3F7300A476FE /* Extenstions.swift */ = {isa = PBXFileReference; lastKnownFileType = sourcecode.swift; path = Extenstions.swift; sourceTree = "<group>"; };
		31E5261D26985006006E549C /* AllPlansVC.swift */ = {isa = PBXFileReference; lastKnownFileType = sourcecode.swift; path = AllPlansVC.swift; sourceTree = "<group>"; };
		31E5261F269850FC006E549C /* AllPlansCVCell.swift */ = {isa = PBXFileReference; lastKnownFileType = sourcecode.swift; path = AllPlansCVCell.swift; sourceTree = "<group>"; };
		31EB123C25D05C9500D37148 /* README.md */ = {isa = PBXFileReference; lastKnownFileType = net.daringfireball.markdown; path = README.md; sourceTree = "<group>"; };
		31EB123E25D133F300D37148 /* Home.storyboard */ = {isa = PBXFileReference; lastKnownFileType = file.storyboard; path = Home.storyboard; sourceTree = "<group>"; };
		31EB124025D1379B00D37148 /* HomeVC.swift */ = {isa = PBXFileReference; lastKnownFileType = sourcecode.swift; path = HomeVC.swift; sourceTree = "<group>"; };
		31EE839525D6E0D40010D3AD /* Planes.storyboard */ = {isa = PBXFileReference; lastKnownFileType = file.storyboard; path = Planes.storyboard; sourceTree = "<group>"; };
		31EE839725D6E9DB0010D3AD /* PlanesVC.swift */ = {isa = PBXFileReference; lastKnownFileType = sourcecode.swift; path = PlanesVC.swift; sourceTree = "<group>"; };
		31EE839925D6EACE0010D3AD /* PlansCVCell.swift */ = {isa = PBXFileReference; lastKnownFileType = sourcecode.swift; path = PlansCVCell.swift; sourceTree = "<group>"; };
		31EE839B25D6EDF30010D3AD /* AddNewPlane.storyboard */ = {isa = PBXFileReference; lastKnownFileType = file.storyboard; path = AddNewPlane.storyboard; sourceTree = "<group>"; };
		31EFF275269CADAA00193BD9 /* PlanDetailsVC.swift */ = {isa = PBXFileReference; lastKnownFileType = sourcecode.swift; path = PlanDetailsVC.swift; sourceTree = "<group>"; };
		31EFF277269CE35900193BD9 /* PlanRoomVC.swift */ = {isa = PBXFileReference; lastKnownFileType = sourcecode.swift; path = PlanRoomVC.swift; sourceTree = "<group>"; };
		31F56082269CA34400291DA7 /* UserPlanCVCell.swift */ = {isa = PBXFileReference; lastKnownFileType = sourcecode.swift; path = UserPlanCVCell.swift; sourceTree = "<group>"; };
		31F56084269CA36E00291DA7 /* UserHotelCVCell.swift */ = {isa = PBXFileReference; lastKnownFileType = sourcecode.swift; path = UserHotelCVCell.swift; sourceTree = "<group>"; };
		31F56086269CA3AF00291DA7 /* UserPlanHotelVC.swift */ = {isa = PBXFileReference; lastKnownFileType = sourcecode.swift; path = UserPlanHotelVC.swift; sourceTree = "<group>"; };
		31F654A625E2C108009F9AC8 /* Profile.storyboard */ = {isa = PBXFileReference; lastKnownFileType = file.storyboard; path = Profile.storyboard; sourceTree = "<group>"; };
		31F654AA25E3009F009F9AC8 /* EditProfVC.swift */ = {isa = PBXFileReference; lastKnownFileType = sourcecode.swift; path = EditProfVC.swift; sourceTree = "<group>"; };
		31F654AC25EA8439009F9AC8 /* CommentsTVCell.swift */ = {isa = PBXFileReference; lastKnownFileType = sourcecode.swift; path = CommentsTVCell.swift; sourceTree = "<group>"; };
		31F654AE25ED7D71009F9AC8 /* HotelVC.swift */ = {isa = PBXFileReference; lastKnownFileType = sourcecode.swift; path = HotelVC.swift; sourceTree = "<group>"; };
		31F654B025ED82DB009F9AC8 /* RoomCVCell.swift */ = {isa = PBXFileReference; lastKnownFileType = sourcecode.swift; path = RoomCVCell.swift; sourceTree = "<group>"; };
		F4A03A6E563126D58F033664 /* Pods_TourGuide.framework */ = {isa = PBXFileReference; explicitFileType = wrapper.framework; includeInIndex = 0; path = Pods_TourGuide.framework; sourceTree = BUILT_PRODUCTS_DIR; };
		F8C4E0F71A40B024059383FE /* Pods-TourGuide.release.xcconfig */ = {isa = PBXFileReference; includeInIndex = 1; lastKnownFileType = text.xcconfig; name = "Pods-TourGuide.release.xcconfig"; path = "Target Support Files/Pods-TourGuide/Pods-TourGuide.release.xcconfig"; sourceTree = "<group>"; };
/* End PBXFileReference section */

/* Begin PBXFrameworksBuildPhase section */
		31740A0A25C538DE0082B329 /* Frameworks */ = {
			isa = PBXFrameworksBuildPhase;
			buildActionMask = 2147483647;
			files = (
				8F8FDA0FB03904479CE41BB2 /* Pods_TourGuide.framework in Frameworks */,
			);
			runOnlyForDeploymentPostprocessing = 0;
		};
/* End PBXFrameworksBuildPhase section */

/* Begin PBXGroup section */
		31740A0425C538DE0082B329 = {
			isa = PBXGroup;
			children = (
				31EB123C25D05C9500D37148 /* README.md */,
				31740A0F25C538DE0082B329 /* TourGuide */,
				31740A0E25C538DE0082B329 /* Products */,
				71446982D424C0B0069024D7 /* Pods */,
				803430C981F92A6D14C94E51 /* Frameworks */,
			);
			sourceTree = "<group>";
		};
		31740A0E25C538DE0082B329 /* Products */ = {
			isa = PBXGroup;
			children = (
				31740A0D25C538DE0082B329 /* TourGuide.app */,
			);
			name = Products;
			sourceTree = "<group>";
		};
		31740A0F25C538DE0082B329 /* TourGuide */ = {
			isa = PBXGroup;
			children = (
				31740A2925C552310082B329 /* Extensions */,
				31740A2825C5522A0082B329 /* Helpers */,
				31740A2725C552190082B329 /* AppDelegates */,
				31740A2525C552070082B329 /* View */,
				31740A2425C551F90082B329 /* Model */,
				31740A2625C552100082B329 /* Controller */,
				31740A1925C538E40082B329 /* Assets.xcassets */,
				31740A1E25C538E40082B329 /* Info.plist */,
			);
			path = TourGuide;
			sourceTree = "<group>";
		};
		31740A2425C551F90082B329 /* Model */ = {
			isa = PBXGroup;
			children = (
				3113DEAD2619EDCF00C0CD4D /* GetCitiesModel.swift */,
				3113DEB12621C01700C0CD4D /* GetPlaceModel.swift */,
				310DCE70262E17730045806B /* GetPlaceDetails.swift */,
				31D8B0BA263AE00100A476FE /* GetHotelDetails.swift */,
				31D8B0BC263C1EFD00A476FE /* GetHotelsModel.swift */,
				31D8B0BE26469DF100A476FE /* GetRoom.swift */,
				315029D72661668E004B3C7E /* GetFavorites.swift */,
				31A5C1CD266D6CAB00CD8F4A /* GetNotification.swift */,
				31D8B0C02646A56B00A476FE /* GetActivity.swift */,
				3197B35E26974FF700DD317D /* getPlansModel.swift */,
				312FB33C269BC878000486ED /* UserPlan.swift */,
			);
			path = Model;
			sourceTree = "<group>";
		};
		31740A2525C552070082B329 /* View */ = {
			isa = PBXGroup;
			children = (
				31740A2A25C552470082B329 /* Storyboard */,
				31C8505525D1427700449D86 /* RecomendedCVCell.swift */,
				31C8505725D2DFC800449D86 /* CityAdvenCVCell.swift */,
				31C8505D25D31A2100449D86 /* CityPlacesCVCell.swift */,
				31EE839925D6EACE0010D3AD /* PlansCVCell.swift */,
				318D8D7925D99F2500015F7E /* NotificationsTVCell.swift */,
				318D8DA225DB256A00015F7E /* ChooseProFavCVCell.swift */,
				31F654AC25EA8439009F9AC8 /* CommentsTVCell.swift */,
				31F654B025ED82DB009F9AC8 /* RoomCVCell.swift */,
				3172FDF2260E16AB00A99314 /* MainRoomCVCell.swift */,
				31C6F06D260F4D5A0096468B /* City_ProgramCVCell.swift */,
				3189CBF52687A69300304B7A /* FeaturesCVCell.swift */,
				3189CBF72688B55000304B7A /* DroppablePin.swift */,
				31E5261F269850FC006E549C /* AllPlansCVCell.swift */,
				319111FB2699726F00C9871C /* TourCVCell.swift */,
				312FB340269BCB56000486ED /* RoomPlanCVCell.swift */,
				31F56082269CA34400291DA7 /* UserPlanCVCell.swift */,
				31F56084269CA36E00291DA7 /* UserHotelCVCell.swift */,
			);
			path = View;
			sourceTree = "<group>";
		};
		31740A2625C552100082B329 /* Controller */ = {
			isa = PBXGroup;
			children = (
				31740A1425C538DE0082B329 /* LogInVC.swift */,
				314B7A4025CAB6F4008B909F /* SignUpVC.swift */,
				31EB124025D1379B00D37148 /* HomeVC.swift */,
				31C8505B25D3172C00449D86 /* CityVC.swift */,
				312D51AC25D48E0D0086D672 /* MainTabBarController.swift */,
				31D83ED225D4959500C170FB /* PlaceDetailsVC.swift */,
				31EE839725D6E9DB0010D3AD /* PlanesVC.swift */,
				31E5261D26985006006E549C /* AllPlansVC.swift */,
				31F654AE25ED7D71009F9AC8 /* HotelVC.swift */,
				318D8D7325D8865600015F7E /* AddNewProgramVC.swift */,
				318D8D7725D99EFF00015F7E /* NotificationsVC.swift */,
				315029D5265E9F66004B3C7E /* ProfileVC.swift */,
				31F654AA25E3009F009F9AC8 /* EditProfVC.swift */,
				3172FDEE260DFE4100A99314 /* ActivityVC.swift */,
				3172FDF0260E132200A99314 /* RoomVC.swift */,
				31C6F06B260F4BBF0096468B /* ProgramVC.swift */,
				31C67F45269B667C00822C7E /* ConfirmDeclinePlanVC.swift */,
				3113DEB726273CB800C0CD4D /* ReviewVC.swift */,
				312FB33E269BC9D6000486ED /* UserPlanVC.swift */,
				31F56086269CA3AF00291DA7 /* UserPlanHotelVC.swift */,
				31EFF275269CADAA00193BD9 /* PlanDetailsVC.swift */,
				31EFF277269CE35900193BD9 /* PlanRoomVC.swift */,
			);
			path = Controller;
			sourceTree = "<group>";
		};
		31740A2725C552190082B329 /* AppDelegates */ = {
			isa = PBXGroup;
			children = (
				31740A1025C538DE0082B329 /* AppDelegate.swift */,
				31740A1225C538DE0082B329 /* SceneDelegate.swift */,
			);
			path = AppDelegates;
			sourceTree = "<group>";
		};
		31740A2825C5522A0082B329 /* Helpers */ = {
			isa = PBXGroup;
			children = (
				31C8505925D2E36E00449D86 /* Constants.swift */,
				3113DEAF261DD2B800C0CD4D /* HelperFunctions.swift */,
				31D8B11426580C0100A476FE /* APIHandler.swift */,
				31D8B11626580C3800A476FE /* CustomInterceptor.swift */,
			);
			path = Helpers;
			sourceTree = "<group>";
		};
		31740A2925C552310082B329 /* Extensions */ = {
			isa = PBXGroup;
			children = (
				31D8B11A265E3F7300A476FE /* Extenstions.swift */,
			);
			path = Extensions;
			sourceTree = "<group>";
		};
		31740A2A25C552470082B329 /* Storyboard */ = {
			isa = PBXGroup;
			children = (
				312D51A925D357580086D672 /* LaunchScreen.storyboard */,
				312D51A825D357580086D672 /* Main.storyboard */,
				31EB123E25D133F300D37148 /* Home.storyboard */,
				31EE839525D6E0D40010D3AD /* Planes.storyboard */,
				31EE839B25D6EDF30010D3AD /* AddNewPlane.storyboard */,
				318D8D7525D99BC500015F7E /* Notifications.storyboard */,
				31F654A625E2C108009F9AC8 /* Profile.storyboard */,
			);
			path = Storyboard;
			sourceTree = "<group>";
		};
		71446982D424C0B0069024D7 /* Pods */ = {
			isa = PBXGroup;
			children = (
				1E6D20DA0B7F240C2DC53C2A /* Pods-TourGuide.debug.xcconfig */,
				F8C4E0F71A40B024059383FE /* Pods-TourGuide.release.xcconfig */,
			);
			path = Pods;
			sourceTree = "<group>";
		};
		803430C981F92A6D14C94E51 /* Frameworks */ = {
			isa = PBXGroup;
			children = (
				F4A03A6E563126D58F033664 /* Pods_TourGuide.framework */,
			);
			name = Frameworks;
			sourceTree = "<group>";
		};
/* End PBXGroup section */

/* Begin PBXNativeTarget section */
		31740A0C25C538DE0082B329 /* TourGuide */ = {
			isa = PBXNativeTarget;
			buildConfigurationList = 31740A2125C538E40082B329 /* Build configuration list for PBXNativeTarget "TourGuide" */;
			buildPhases = (
				F775EDD9D5DD4F0FA0A54004 /* [CP] Check Pods Manifest.lock */,
				31740A0925C538DE0082B329 /* Sources */,
				31740A0A25C538DE0082B329 /* Frameworks */,
				31740A0B25C538DE0082B329 /* Resources */,
				AD86AB4FBB1F765DB4E9D951 /* [CP] Embed Pods Frameworks */,
			);
			buildRules = (
			);
			dependencies = (
			);
			name = TourGuide;
			productName = TourGuide;
			productReference = 31740A0D25C538DE0082B329 /* TourGuide.app */;
			productType = "com.apple.product-type.application";
		};
/* End PBXNativeTarget section */

/* Begin PBXProject section */
		31740A0525C538DE0082B329 /* Project object */ = {
			isa = PBXProject;
			attributes = {
				LastSwiftUpdateCheck = 1170;
				LastUpgradeCheck = 1170;
				ORGANIZATIONNAME = samaa;
				TargetAttributes = {
					31740A0C25C538DE0082B329 = {
						CreatedOnToolsVersion = 11.7;
					};
				};
			};
			buildConfigurationList = 31740A0825C538DE0082B329 /* Build configuration list for PBXProject "TourGuide" */;
			compatibilityVersion = "Xcode 9.3";
			developmentRegion = en;
			hasScannedForEncodings = 0;
			knownRegions = (
				en,
				Base,
			);
			mainGroup = 31740A0425C538DE0082B329;
			productRefGroup = 31740A0E25C538DE0082B329 /* Products */;
			projectDirPath = "";
			projectRoot = "";
			targets = (
				31740A0C25C538DE0082B329 /* TourGuide */,
			);
		};
/* End PBXProject section */

/* Begin PBXResourcesBuildPhase section */
		31740A0B25C538DE0082B329 /* Resources */ = {
			isa = PBXResourcesBuildPhase;
			buildActionMask = 2147483647;
			files = (
				31EB123F25D133F300D37148 /* Home.storyboard in Resources */,
				318D8D7625D99BC500015F7E /* Notifications.storyboard in Resources */,
				31740A1A25C538E40082B329 /* Assets.xcassets in Resources */,
				31EB123D25D05C9500D37148 /* README.md in Resources */,
				31EE839625D6E0D40010D3AD /* Planes.storyboard in Resources */,
				312D51AB25D357580086D672 /* LaunchScreen.storyboard in Resources */,
				31F654A725E2C108009F9AC8 /* Profile.storyboard in Resources */,
				31EE839C25D6EDF40010D3AD /* AddNewPlane.storyboard in Resources */,
				312D51AA25D357580086D672 /* Main.storyboard in Resources */,
			);
			runOnlyForDeploymentPostprocessing = 0;
		};
/* End PBXResourcesBuildPhase section */

/* Begin PBXShellScriptBuildPhase section */
		AD86AB4FBB1F765DB4E9D951 /* [CP] Embed Pods Frameworks */ = {
			isa = PBXShellScriptBuildPhase;
			buildActionMask = 2147483647;
			files = (
			);
			inputFileListPaths = (
				"${PODS_ROOT}/Target Support Files/Pods-TourGuide/Pods-TourGuide-frameworks-${CONFIGURATION}-input-files.xcfilelist",
			);
			name = "[CP] Embed Pods Frameworks";
			outputFileListPaths = (
				"${PODS_ROOT}/Target Support Files/Pods-TourGuide/Pods-TourGuide-frameworks-${CONFIGURATION}-output-files.xcfilelist",
			);
			runOnlyForDeploymentPostprocessing = 0;
			shellPath = /bin/sh;
			shellScript = "\"${PODS_ROOT}/Target Support Files/Pods-TourGuide/Pods-TourGuide-frameworks.sh\"\n";
			showEnvVarsInLog = 0;
		};
		F775EDD9D5DD4F0FA0A54004 /* [CP] Check Pods Manifest.lock */ = {
			isa = PBXShellScriptBuildPhase;
			buildActionMask = 2147483647;
			files = (
			);
			inputFileListPaths = (
			);
			inputPaths = (
				"${PODS_PODFILE_DIR_PATH}/Podfile.lock",
				"${PODS_ROOT}/Manifest.lock",
			);
			name = "[CP] Check Pods Manifest.lock";
			outputFileListPaths = (
			);
			outputPaths = (
				"$(DERIVED_FILE_DIR)/Pods-TourGuide-checkManifestLockResult.txt",
			);
			runOnlyForDeploymentPostprocessing = 0;
			shellPath = /bin/sh;
			shellScript = "diff \"${PODS_PODFILE_DIR_PATH}/Podfile.lock\" \"${PODS_ROOT}/Manifest.lock\" > /dev/null\nif [ $? != 0 ] ; then\n    # print error to STDERR\n    echo \"error: The sandbox is not in sync with the Podfile.lock. Run 'pod install' or update your CocoaPods installation.\" >&2\n    exit 1\nfi\n# This output is used by Xcode 'outputs' to avoid re-running this script phase.\necho \"SUCCESS\" > \"${SCRIPT_OUTPUT_FILE_0}\"\n";
			showEnvVarsInLog = 0;
		};
/* End PBXShellScriptBuildPhase section */

/* Begin PBXSourcesBuildPhase section */
		31740A0925C538DE0082B329 /* Sources */ = {
			isa = PBXSourcesBuildPhase;
			buildActionMask = 2147483647;
			files = (
				312FB33F269BC9D6000486ED /* UserPlanVC.swift in Sources */,
				31F56083269CA34400291DA7 /* UserPlanCVCell.swift in Sources */,
				31C8505625D1427700449D86 /* RecomendedCVCell.swift in Sources */,
				31D8B0C12646A56B00A476FE /* GetActivity.swift in Sources */,
				314B7A4125CAB6F5008B909F /* SignUpVC.swift in Sources */,
				31C6F06C260F4BBF0096468B /* ProgramVC.swift in Sources */,
				312D51AD25D48E0D0086D672 /* MainTabBarController.swift in Sources */,
				31F654AD25EA843A009F9AC8 /* CommentsTVCell.swift in Sources */,
				31D8B0BF26469DF100A476FE /* GetRoom.swift in Sources */,
				312FB33D269BC878000486ED /* UserPlan.swift in Sources */,
				3113DEB0261DD2B800C0CD4D /* HelperFunctions.swift in Sources */,
				31F654AF25ED7D71009F9AC8 /* HotelVC.swift in Sources */,
				318D8DA325DB256A00015F7E /* ChooseProFavCVCell.swift in Sources */,
				31D8B11726580C3800A476FE /* CustomInterceptor.swift in Sources */,
				31E52620269850FC006E549C /* AllPlansCVCell.swift in Sources */,
				318D8D7825D99EFF00015F7E /* NotificationsVC.swift in Sources */,
				318D8D7425D8865600015F7E /* AddNewProgramVC.swift in Sources */,
				310DCE71262E17730045806B /* GetPlaceDetails.swift in Sources */,
				3172FDEF260DFE4100A99314 /* ActivityVC.swift in Sources */,
				31D8B0BD263C1EFD00A476FE /* GetHotelsModel.swift in Sources */,
				31C8505825D2DFC800449D86 /* CityAdvenCVCell.swift in Sources */,
				31C67F46269B667C00822C7E /* ConfirmDeclinePlanVC.swift in Sources */,
				31F56085269CA36E00291DA7 /* UserHotelCVCell.swift in Sources */,
				31EFF278269CE35900193BD9 /* PlanRoomVC.swift in Sources */,
				31C6F06E260F4D5A0096468B /* City_ProgramCVCell.swift in Sources */,
				31EFF276269CADAA00193BD9 /* PlanDetailsVC.swift in Sources */,
				31C8505E25D31A2100449D86 /* CityPlacesCVCell.swift in Sources */,
				31A5C1CE266D6CAB00CD8F4A /* GetNotification.swift in Sources */,
				3113DEB22621C01700C0CD4D /* GetPlaceModel.swift in Sources */,
				315029D82661668E004B3C7E /* GetFavorites.swift in Sources */,
				3189CBF62687A69300304B7A /* FeaturesCVCell.swift in Sources */,
				315029D6265E9F66004B3C7E /* ProfileVC.swift in Sources */,
				31F654B125ED82DB009F9AC8 /* RoomCVCell.swift in Sources */,
				31E5261E26985006006E549C /* AllPlansVC.swift in Sources */,
				31C8505C25D3172C00449D86 /* CityVC.swift in Sources */,
				31F654AB25E3009F009F9AC8 /* EditProfVC.swift in Sources */,
				31D8B11526580C0100A476FE /* APIHandler.swift in Sources */,
				31D8B0BB263AE00100A476FE /* GetHotelDetails.swift in Sources */,
				31D8B11B265E3F7300A476FE /* Extenstions.swift in Sources */,
				31EB124125D1379B00D37148 /* HomeVC.swift in Sources */,
				3197B35F26974FF700DD317D /* getPlansModel.swift in Sources */,
				3113DEB826273CB800C0CD4D /* ReviewVC.swift in Sources */,
				3113DEAE2619EDCF00C0CD4D /* GetCitiesModel.swift in Sources */,
				31D83ED325D4959500C170FB /* PlaceDetailsVC.swift in Sources */,
				318D8D7A25D99F2500015F7E /* NotificationsTVCell.swift in Sources */,
				3172FDF3260E16AB00A99314 /* MainRoomCVCell.swift in Sources */,
				31740A1525C538DE0082B329 /* LogInVC.swift in Sources */,
				31740A1125C538DE0082B329 /* AppDelegate.swift in Sources */,
				31F56087269CA3AF00291DA7 /* UserPlanHotelVC.swift in Sources */,
				312FB341269BCB56000486ED /* RoomPlanCVCell.swift in Sources */,
				31740A1325C538DE0082B329 /* SceneDelegate.swift in Sources */,
				31EE839825D6E9DB0010D3AD /* PlanesVC.swift in Sources */,
				31C8505A25D2E36E00449D86 /* Constants.swift in Sources */,
				3189CBF82688B55000304B7A /* DroppablePin.swift in Sources */,
				31EE839A25D6EACE0010D3AD /* PlansCVCell.swift in Sources */,
				319111FC2699726F00C9871C /* TourCVCell.swift in Sources */,
				3172FDF1260E132200A99314 /* RoomVC.swift in Sources */,
			);
			runOnlyForDeploymentPostprocessing = 0;
		};
/* End PBXSourcesBuildPhase section */

/* Begin XCBuildConfiguration section */
		31740A1F25C538E40082B329 /* Debug */ = {
			isa = XCBuildConfiguration;
			buildSettings = {
				ALWAYS_SEARCH_USER_PATHS = NO;
				CLANG_ANALYZER_NONNULL = YES;
				CLANG_ANALYZER_NUMBER_OBJECT_CONVERSION = YES_AGGRESSIVE;
				CLANG_CXX_LANGUAGE_STANDARD = "gnu++14";
				CLANG_CXX_LIBRARY = "libc++";
				CLANG_ENABLE_MODULES = YES;
				CLANG_ENABLE_OBJC_ARC = YES;
				CLANG_ENABLE_OBJC_WEAK = YES;
				CLANG_WARN_BLOCK_CAPTURE_AUTORELEASING = YES;
				CLANG_WARN_BOOL_CONVERSION = YES;
				CLANG_WARN_COMMA = YES;
				CLANG_WARN_CONSTANT_CONVERSION = YES;
				CLANG_WARN_DEPRECATED_OBJC_IMPLEMENTATIONS = YES;
				CLANG_WARN_DIRECT_OBJC_ISA_USAGE = YES_ERROR;
				CLANG_WARN_DOCUMENTATION_COMMENTS = YES;
				CLANG_WARN_EMPTY_BODY = YES;
				CLANG_WARN_ENUM_CONVERSION = YES;
				CLANG_WARN_INFINITE_RECURSION = YES;
				CLANG_WARN_INT_CONVERSION = YES;
				CLANG_WARN_NON_LITERAL_NULL_CONVERSION = YES;
				CLANG_WARN_OBJC_IMPLICIT_RETAIN_SELF = YES;
				CLANG_WARN_OBJC_LITERAL_CONVERSION = YES;
				CLANG_WARN_OBJC_ROOT_CLASS = YES_ERROR;
				CLANG_WARN_RANGE_LOOP_ANALYSIS = YES;
				CLANG_WARN_STRICT_PROTOTYPES = YES;
				CLANG_WARN_SUSPICIOUS_MOVE = YES;
				CLANG_WARN_UNGUARDED_AVAILABILITY = YES_AGGRESSIVE;
				CLANG_WARN_UNREACHABLE_CODE = YES;
				CLANG_WARN__DUPLICATE_METHOD_MATCH = YES;
				COPY_PHASE_STRIP = NO;
				DEBUG_INFORMATION_FORMAT = dwarf;
				ENABLE_STRICT_OBJC_MSGSEND = YES;
				ENABLE_TESTABILITY = YES;
				GCC_C_LANGUAGE_STANDARD = gnu11;
				GCC_DYNAMIC_NO_PIC = NO;
				GCC_NO_COMMON_BLOCKS = YES;
				GCC_OPTIMIZATION_LEVEL = 0;
				GCC_PREPROCESSOR_DEFINITIONS = (
					"DEBUG=1",
					"$(inherited)",
				);
				GCC_WARN_64_TO_32_BIT_CONVERSION = YES;
				GCC_WARN_ABOUT_RETURN_TYPE = YES_ERROR;
				GCC_WARN_UNDECLARED_SELECTOR = YES;
				GCC_WARN_UNINITIALIZED_AUTOS = YES_AGGRESSIVE;
				GCC_WARN_UNUSED_FUNCTION = YES;
				GCC_WARN_UNUSED_VARIABLE = YES;
				IPHONEOS_DEPLOYMENT_TARGET = 13.7;
				MTL_ENABLE_DEBUG_INFO = INCLUDE_SOURCE;
				MTL_FAST_MATH = YES;
				ONLY_ACTIVE_ARCH = YES;
				SDKROOT = iphoneos;
				SWIFT_ACTIVE_COMPILATION_CONDITIONS = DEBUG;
				SWIFT_OPTIMIZATION_LEVEL = "-Onone";
			};
			name = Debug;
		};
		31740A2025C538E40082B329 /* Release */ = {
			isa = XCBuildConfiguration;
			buildSettings = {
				ALWAYS_SEARCH_USER_PATHS = NO;
				CLANG_ANALYZER_NONNULL = YES;
				CLANG_ANALYZER_NUMBER_OBJECT_CONVERSION = YES_AGGRESSIVE;
				CLANG_CXX_LANGUAGE_STANDARD = "gnu++14";
				CLANG_CXX_LIBRARY = "libc++";
				CLANG_ENABLE_MODULES = YES;
				CLANG_ENABLE_OBJC_ARC = YES;
				CLANG_ENABLE_OBJC_WEAK = YES;
				CLANG_WARN_BLOCK_CAPTURE_AUTORELEASING = YES;
				CLANG_WARN_BOOL_CONVERSION = YES;
				CLANG_WARN_COMMA = YES;
				CLANG_WARN_CONSTANT_CONVERSION = YES;
				CLANG_WARN_DEPRECATED_OBJC_IMPLEMENTATIONS = YES;
				CLANG_WARN_DIRECT_OBJC_ISA_USAGE = YES_ERROR;
				CLANG_WARN_DOCUMENTATION_COMMENTS = YES;
				CLANG_WARN_EMPTY_BODY = YES;
				CLANG_WARN_ENUM_CONVERSION = YES;
				CLANG_WARN_INFINITE_RECURSION = YES;
				CLANG_WARN_INT_CONVERSION = YES;
				CLANG_WARN_NON_LITERAL_NULL_CONVERSION = YES;
				CLANG_WARN_OBJC_IMPLICIT_RETAIN_SELF = YES;
				CLANG_WARN_OBJC_LITERAL_CONVERSION = YES;
				CLANG_WARN_OBJC_ROOT_CLASS = YES_ERROR;
				CLANG_WARN_RANGE_LOOP_ANALYSIS = YES;
				CLANG_WARN_STRICT_PROTOTYPES = YES;
				CLANG_WARN_SUSPICIOUS_MOVE = YES;
				CLANG_WARN_UNGUARDED_AVAILABILITY = YES_AGGRESSIVE;
				CLANG_WARN_UNREACHABLE_CODE = YES;
				CLANG_WARN__DUPLICATE_METHOD_MATCH = YES;
				COPY_PHASE_STRIP = NO;
				DEBUG_INFORMATION_FORMAT = "dwarf-with-dsym";
				ENABLE_NS_ASSERTIONS = NO;
				ENABLE_STRICT_OBJC_MSGSEND = YES;
				GCC_C_LANGUAGE_STANDARD = gnu11;
				GCC_NO_COMMON_BLOCKS = YES;
				GCC_WARN_64_TO_32_BIT_CONVERSION = YES;
				GCC_WARN_ABOUT_RETURN_TYPE = YES_ERROR;
				GCC_WARN_UNDECLARED_SELECTOR = YES;
				GCC_WARN_UNINITIALIZED_AUTOS = YES_AGGRESSIVE;
				GCC_WARN_UNUSED_FUNCTION = YES;
				GCC_WARN_UNUSED_VARIABLE = YES;
				IPHONEOS_DEPLOYMENT_TARGET = 13.7;
				MTL_ENABLE_DEBUG_INFO = NO;
				MTL_FAST_MATH = YES;
				SDKROOT = iphoneos;
				SWIFT_COMPILATION_MODE = wholemodule;
				SWIFT_OPTIMIZATION_LEVEL = "-O";
				VALIDATE_PRODUCT = YES;
			};
			name = Release;
		};
		31740A2225C538E40082B329 /* Debug */ = {
			isa = XCBuildConfiguration;
			baseConfigurationReference = 1E6D20DA0B7F240C2DC53C2A /* Pods-TourGuide.debug.xcconfig */;
			buildSettings = {
				ASSETCATALOG_COMPILER_APPICON_NAME = AppIcon;
				CODE_SIGN_STYLE = Automatic;
				DEVELOPMENT_TEAM = FLJ9JWN8S9;
				INFOPLIST_FILE = TourGuide/Info.plist;
				LD_RUNPATH_SEARCH_PATHS = (
					"$(inherited)",
					"@executable_path/Frameworks",
				);
				PRODUCT_BUNDLE_IDENTIFIER = com.samaa.TourGuide;
				PRODUCT_NAME = "$(TARGET_NAME)";
				SWIFT_VERSION = 5.0;
				TARGETED_DEVICE_FAMILY = "1,2";
			};
			name = Debug;
		};
		31740A2325C538E40082B329 /* Release */ = {
			isa = XCBuildConfiguration;
			baseConfigurationReference = F8C4E0F71A40B024059383FE /* Pods-TourGuide.release.xcconfig */;
			buildSettings = {
				ASSETCATALOG_COMPILER_APPICON_NAME = AppIcon;
				CODE_SIGN_STYLE = Automatic;
				DEVELOPMENT_TEAM = FLJ9JWN8S9;
				INFOPLIST_FILE = TourGuide/Info.plist;
				LD_RUNPATH_SEARCH_PATHS = (
					"$(inherited)",
					"@executable_path/Frameworks",
				);
				PRODUCT_BUNDLE_IDENTIFIER = com.samaa.TourGuide;
				PRODUCT_NAME = "$(TARGET_NAME)";
				SWIFT_VERSION = 5.0;
				TARGETED_DEVICE_FAMILY = "1,2";
			};
			name = Release;
		};
/* End XCBuildConfiguration section */

/* Begin XCConfigurationList section */
		31740A0825C538DE0082B329 /* Build configuration list for PBXProject "TourGuide" */ = {
			isa = XCConfigurationList;
			buildConfigurations = (
				31740A1F25C538E40082B329 /* Debug */,
				31740A2025C538E40082B329 /* Release */,
			);
			defaultConfigurationIsVisible = 0;
			defaultConfigurationName = Release;
		};
		31740A2125C538E40082B329 /* Build configuration list for PBXNativeTarget "TourGuide" */ = {
			isa = XCConfigurationList;
			buildConfigurations = (
				31740A2225C538E40082B329 /* Debug */,
				31740A2325C538E40082B329 /* Release */,
			);
			defaultConfigurationIsVisible = 0;
			defaultConfigurationName = Release;
		};
/* End XCConfigurationList section */
	};
	rootObject = 31740A0525C538DE0082B329 /* Project object */;
}
